
Microsoft Visual Studio Solution File, Format Version 12.00
# Visual Studio Version 17
VisualStudioVersion = 17.14.36518.9 d17.14
MinimumVisualStudioVersion = 10.0.40219.1
Project("{888888A0-9F3D-457C-B088-3A5042F75D52}") = "ai_test_platform", "ai_test_platform.pyproj", "{FE8501DD-9B4A-4841-9E57-28E97485DB6A}"
EndProject
Global
	GlobalSection(SolutionConfigurationPlatforms) = preSolution
		Debug|Any CPU = Debug|Any CPU
		Release|Any CPU = Release|Any CPU
	EndGlobalSection
	GlobalSection(ProjectConfigurationPlatforms) = postSolution
		{FE8501DD-9B4A-4841-9E57-28E97485DB6A}.Debug|Any CPU.ActiveCfg = Debug|Any CPU
		{FE8501DD-9B4A-4841-9E57-28E97485DB6A}.Release|Any CPU.ActiveCfg = Release|Any CPU
	EndGlobalSection
	GlobalSection(SolutionProperties) = preSolution
		HideSolutionNode = FALSE
	EndGlobalSection
	GlobalSection(ExtensibilityGlobals) = postSolution
		SolutionGuid = {7E1478CC-3FD3-4F65-87E0-756AC6B10FA4}
	EndGlobalSection
EndGlobal
